
Microsoft Visual Studio Solution File, Format Version 12.00
# Visual Studio 15
VisualStudioVersion = 15.0.26430.16
MinimumVisualStudioVersion = 10.0.40219.1
Project("{9A19103F-16F7-4668-BE54-9A1E7A4F7556}") = "ReqIFSharp", "ReqIFSharp\ReqIFSharp.csproj", "{CBA3678F-B574-4EDF-A217-B6A609966FA0}"
EndProject
Project("{9A19103F-16F7-4668-BE54-9A1E7A4F7556}") = "ReqIFSharp.Tests", "ReqIFSharp.Tests\ReqIFSharp.Tests.csproj", "{3C405392-0B50-4023-BFB8-6F730675D856}"
EndProject
Global
	GlobalSection(SolutionConfigurationPlatforms) = preSolution
		Debug|Any CPU = Debug|Any CPU
		Release|Any CPU = Release|Any CPU
	EndGlobalSection
	GlobalSection(ProjectConfigurationPlatforms) = postSolution
		{CBA3678F-B574-4EDF-A217-B6A609966FA0}.Debug|Any CPU.ActiveCfg = Debug|Any CPU
		{CBA3678F-B574-4EDF-A217-B6A609966FA0}.Debug|Any CPU.Build.0 = Debug|Any CPU
		{CBA3678F-B574-4EDF-A217-B6A609966FA0}.Release|Any CPU.ActiveCfg = Release|Any CPU
		{CBA3678F-B574-4EDF-A217-B6A609966FA0}.Release|Any CPU.Build.0 = Release|Any CPU
		{3C405392-0B50-4023-BFB8-6F730675D856}.Debug|Any CPU.ActiveCfg = Debug|Any CPU
		{3C405392-0B50-4023-BFB8-6F730675D856}.Debug|Any CPU.Build.0 = Debug|Any CPU
		{3C405392-0B50-4023-BFB8-6F730675D856}.Release|Any CPU.ActiveCfg = Release|Any CPU
		{3C405392-0B50-4023-BFB8-6F730675D856}.Release|Any CPU.Build.0 = Release|Any CPU
	EndGlobalSection
	GlobalSection(SolutionProperties) = preSolution
		HideSolutionNode = FALSE
	EndGlobalSection
EndGlobal
