
Microsoft Visual Studio Solution File, Format Version 12.00
# Visual Studio Version 16
VisualStudioVersion = 16.0.31313.79
MinimumVisualStudioVersion = 10.0.40219.1
Project("{9A19103F-16F7-4668-BE54-9A1E7A4F7556}") = "ReqIFSharp", "ReqIFSharp\ReqIFSharp.csproj", "{CBA3678F-B574-4EDF-A217-B6A609966FA0}"
EndProject
Project("{9A19103F-16F7-4668-BE54-9A1E7A4F7556}") = "ReqIFSharp.Tests", "ReqIFSharp.Tests\ReqIFSharp.Tests.csproj", "{3C405392-0B50-4023-BFB8-6F730675D856}"
EndProject
Project("{2150E333-8FDC-42A3-9474-1A3956D46DE8}") = "Solution Items", "Solution Items", "{FCF6768D-232D-46FC-8CB5-E01B7495826E}"
	ProjectSection(SolutionItems) = preProject
		.gitignore = .gitignore
		appveyor.yml = appveyor.yml
		CODE_OF_CONDUCT.md = CODE_OF_CONDUCT.md
		LICENSE = LICENSE
		Nuget.Config = Nuget.Config
		README.md = README.md
		reqifsharp-logo-small.png = reqifsharp-logo-small.png
		reqifsharp-logo.png = reqifsharp-logo.png
	EndProjectSection
EndProject
Global
	GlobalSection(SolutionConfigurationPlatforms) = preSolution
		Debug|Any CPU = Debug|Any CPU
		Release|Any CPU = Release|Any CPU
	EndGlobalSection
	GlobalSection(ProjectConfigurationPlatforms) = postSolution
		{CBA3678F-B574-4EDF-A217-B6A609966FA0}.Debug|Any CPU.ActiveCfg = Debug|Any CPU
		{CBA3678F-B574-4EDF-A217-B6A609966FA0}.Debug|Any CPU.Build.0 = Debug|Any CPU
		{CBA3678F-B574-4EDF-A217-B6A609966FA0}.Release|Any CPU.ActiveCfg = Release|Any CPU
		{CBA3678F-B574-4EDF-A217-B6A609966FA0}.Release|Any CPU.Build.0 = Release|Any CPU
		{3C405392-0B50-4023-BFB8-6F730675D856}.Debug|Any CPU.ActiveCfg = Debug|Any CPU
		{3C405392-0B50-4023-BFB8-6F730675D856}.Debug|Any CPU.Build.0 = Debug|Any CPU
		{3C405392-0B50-4023-BFB8-6F730675D856}.Release|Any CPU.ActiveCfg = Release|Any CPU
		{3C405392-0B50-4023-BFB8-6F730675D856}.Release|Any CPU.Build.0 = Release|Any CPU
	EndGlobalSection
	GlobalSection(SolutionProperties) = preSolution
		HideSolutionNode = FALSE
	EndGlobalSection
	GlobalSection(ExtensibilityGlobals) = postSolution
		SolutionGuid = {618F57C1-2D92-4ABE-8566-038BA52F3C41}
	EndGlobalSection
EndGlobal
